
Microsoft Visual Studio Solution File, Format Version 12.00
# Visual Studio 2013
VisualStudioVersion = 12.0.31101.0
MinimumVisualStudioVersion = 10.0.40219.1
Project("{FAE04EC0-301F-11D3-BF4B-00C04F79EFBC}") = "Service", "Service\Service.csproj", "{5C3289AB-B65D-42F8-BFD0-21C61619729A}"
EndProject
Project("{FAE04EC0-301F-11D3-BF4B-00C04F79EFBC}") = "PipeClient", "PipeClient\PipeClient.csproj", "{8F3F2E0B-F261-4F9C-A592-2062D8A3C2BD}"
EndProject
Project("{FAE04EC0-301F-11D3-BF4B-00C04F79EFBC}") = "Tray", "Tray\Tray.csproj", "{3E31CCE4-D06A-4F02-A3E8-981B9033CA32}"
EndProject
Project("{FAE04EC0-301F-11D3-BF4B-00C04F79EFBC}") = "UserService", "UserService\UserService.csproj", "{9F4E9573-031F-405C-A8A3-8BFE4F35B14D}"
EndProject
Project("{FAE04EC0-301F-11D3-BF4B-00C04F79EFBC}") = "UpdateWaiter", "UpdateWaiter\UpdateWaiter.csproj", "{C7113642-59C8-41C0-BF64-2F29BAE45910}"
EndProject
Project("{FAE04EC0-301F-11D3-BF4B-00C04F79EFBC}") = "UpdateHelper", "UpdateHelper\UpdateHelper.csproj", "{788E1733-937F-415C-A6E9-46A43BB0B019}"
EndProject
Project("{930C7802-8A8C-48F9-8165-68863BCCD9DD}") = "Installer", "Installer\Installer.wixproj", "{E54A6E6A-2E1F-4270-A641-BD3C0E1F16EB}"
EndProject
Project("{FAE04EC0-301F-11D3-BF4B-00C04F79EFBC}") = "Debugger", "Debugger\Debugger.csproj", "{159AF4FF-F6DC-4A70-8D5D-ABE907CD814E}"
EndProject
Project("{FAE04EC0-301F-11D3-BF4B-00C04F79EFBC}") = "PipeServer", "PipeServer\PipeServer.csproj", "{DF7C1145-E90C-486B-ACEC-543B42CF083F}"
EndProject
Project("{FAE04EC0-301F-11D3-BF4B-00C04F79EFBC}") = "Handlers", "Handlers\Handlers.csproj", "{4CACD1DE-EF40-4DB9-8EE0-9DCB90C359E7}"
EndProject
Project("{FAE04EC0-301F-11D3-BF4B-00C04F79EFBC}") = "Modules", "Modules\Modules.csproj", "{D6372438-04EA-439C-8F7C-EE06446D9284}"
EndProject
Global
	GlobalSection(SolutionConfigurationPlatforms) = preSolution
		Debug|Any CPU = Debug|Any CPU
		Release|Any CPU = Release|Any CPU
	EndGlobalSection
	GlobalSection(ProjectConfigurationPlatforms) = postSolution
		{5C3289AB-B65D-42F8-BFD0-21C61619729A}.Debug|Any CPU.ActiveCfg = Debug|Any CPU
		{5C3289AB-B65D-42F8-BFD0-21C61619729A}.Debug|Any CPU.Build.0 = Debug|Any CPU
		{5C3289AB-B65D-42F8-BFD0-21C61619729A}.Release|Any CPU.ActiveCfg = Release|Any CPU
		{5C3289AB-B65D-42F8-BFD0-21C61619729A}.Release|Any CPU.Build.0 = Release|Any CPU
		{8F3F2E0B-F261-4F9C-A592-2062D8A3C2BD}.Debug|Any CPU.ActiveCfg = Debug|Any CPU
		{8F3F2E0B-F261-4F9C-A592-2062D8A3C2BD}.Debug|Any CPU.Build.0 = Debug|Any CPU
		{8F3F2E0B-F261-4F9C-A592-2062D8A3C2BD}.Release|Any CPU.ActiveCfg = Release|Any CPU
		{8F3F2E0B-F261-4F9C-A592-2062D8A3C2BD}.Release|Any CPU.Build.0 = Release|Any CPU
		{3E31CCE4-D06A-4F02-A3E8-981B9033CA32}.Debug|Any CPU.ActiveCfg = Debug|Any CPU
		{3E31CCE4-D06A-4F02-A3E8-981B9033CA32}.Debug|Any CPU.Build.0 = Debug|Any CPU
		{3E31CCE4-D06A-4F02-A3E8-981B9033CA32}.Release|Any CPU.ActiveCfg = Release|Any CPU
		{3E31CCE4-D06A-4F02-A3E8-981B9033CA32}.Release|Any CPU.Build.0 = Release|Any CPU
		{9F4E9573-031F-405C-A8A3-8BFE4F35B14D}.Debug|Any CPU.ActiveCfg = Debug|Any CPU
		{9F4E9573-031F-405C-A8A3-8BFE4F35B14D}.Debug|Any CPU.Build.0 = Debug|Any CPU
		{9F4E9573-031F-405C-A8A3-8BFE4F35B14D}.Release|Any CPU.ActiveCfg = Release|Any CPU
		{9F4E9573-031F-405C-A8A3-8BFE4F35B14D}.Release|Any CPU.Build.0 = Release|Any CPU
		{C7113642-59C8-41C0-BF64-2F29BAE45910}.Debug|Any CPU.ActiveCfg = Debug|Any CPU
		{C7113642-59C8-41C0-BF64-2F29BAE45910}.Debug|Any CPU.Build.0 = Debug|Any CPU
		{C7113642-59C8-41C0-BF64-2F29BAE45910}.Release|Any CPU.ActiveCfg = Release|Any CPU
		{C7113642-59C8-41C0-BF64-2F29BAE45910}.Release|Any CPU.Build.0 = Release|Any CPU
		{788E1733-937F-415C-A6E9-46A43BB0B019}.Debug|Any CPU.ActiveCfg = Debug|Any CPU
		{788E1733-937F-415C-A6E9-46A43BB0B019}.Debug|Any CPU.Build.0 = Debug|Any CPU
		{788E1733-937F-415C-A6E9-46A43BB0B019}.Release|Any CPU.ActiveCfg = Release|Any CPU
		{788E1733-937F-415C-A6E9-46A43BB0B019}.Release|Any CPU.Build.0 = Release|Any CPU
		{E54A6E6A-2E1F-4270-A641-BD3C0E1F16EB}.Debug|Any CPU.ActiveCfg = Debug|x86
		{E54A6E6A-2E1F-4270-A641-BD3C0E1F16EB}.Release|Any CPU.ActiveCfg = Release|x86
		{159AF4FF-F6DC-4A70-8D5D-ABE907CD814E}.Debug|Any CPU.ActiveCfg = Debug|Any CPU
		{159AF4FF-F6DC-4A70-8D5D-ABE907CD814E}.Debug|Any CPU.Build.0 = Debug|Any CPU
		{159AF4FF-F6DC-4A70-8D5D-ABE907CD814E}.Release|Any CPU.ActiveCfg = Release|Any CPU
		{159AF4FF-F6DC-4A70-8D5D-ABE907CD814E}.Release|Any CPU.Build.0 = Release|Any CPU
		{DF7C1145-E90C-486B-ACEC-543B42CF083F}.Debug|Any CPU.ActiveCfg = Debug|Any CPU
		{DF7C1145-E90C-486B-ACEC-543B42CF083F}.Debug|Any CPU.Build.0 = Debug|Any CPU
		{DF7C1145-E90C-486B-ACEC-543B42CF083F}.Release|Any CPU.ActiveCfg = Release|Any CPU
		{DF7C1145-E90C-486B-ACEC-543B42CF083F}.Release|Any CPU.Build.0 = Release|Any CPU
		{4CACD1DE-EF40-4DB9-8EE0-9DCB90C359E7}.Debug|Any CPU.ActiveCfg = Debug|Any CPU
		{4CACD1DE-EF40-4DB9-8EE0-9DCB90C359E7}.Debug|Any CPU.Build.0 = Debug|Any CPU
		{4CACD1DE-EF40-4DB9-8EE0-9DCB90C359E7}.Release|Any CPU.ActiveCfg = Release|Any CPU
		{4CACD1DE-EF40-4DB9-8EE0-9DCB90C359E7}.Release|Any CPU.Build.0 = Release|Any CPU
		{D6372438-04EA-439C-8F7C-EE06446D9284}.Debug|Any CPU.ActiveCfg = Debug|Any CPU
		{D6372438-04EA-439C-8F7C-EE06446D9284}.Debug|Any CPU.Build.0 = Debug|Any CPU
		{D6372438-04EA-439C-8F7C-EE06446D9284}.Release|Any CPU.ActiveCfg = Release|Any CPU
		{D6372438-04EA-439C-8F7C-EE06446D9284}.Release|Any CPU.Build.0 = Release|Any CPU
	EndGlobalSection
	GlobalSection(SolutionProperties) = preSolution
		HideSolutionNode = FALSE
	EndGlobalSection
	GlobalSection(MonoDevelopProperties) = preSolution
		StartupItem = Service\Service.csproj
	EndGlobalSection
EndGlobal
